
Microsoft Visual Studio Solution File, Format Version 12.00
# Visual Studio Version 17
VisualStudioVersion = 17.6.33815.320
MinimumVisualStudioVersion = 10.0.40219.1
Project("{FAE04EC0-301F-11D3-BF4B-00C04F79EFBC}") = "businessassist-sample-client", "businessassist-sample-client.csproj", "{5FA8CEA7-1C12-4983-8E54-3E0A6B1C702B}"
EndProject
Global
	GlobalSection(SolutionConfigurationPlatforms) = preSolution
		Debug|Any CPU = Debug|Any CPU
		Release|Any CPU = Release|Any CPU
	EndGlobalSection
	GlobalSection(ProjectConfigurationPlatforms) = postSolution
		{5FA8CEA7-1C12-4983-8E54-3E0A6B1C702B}.Debug|Any CPU.ActiveCfg = Debug|Any CPU
		{5FA8CEA7-1C12-4983-8E54-3E0A6B1C702B}.Debug|Any CPU.Build.0 = Debug|Any CPU
		{5FA8CEA7-1C12-4983-8E54-3E0A6B1C702B}.Release|Any CPU.ActiveCfg = Release|Any CPU
		{5FA8CEA7-1C12-4983-8E54-3E0A6B1C702B}.Release|Any CPU.Build.0 = Release|Any CPU
	EndGlobalSection
	GlobalSection(SolutionProperties) = preSolution
		HideSolutionNode = FALSE
	EndGlobalSection
	GlobalSection(ExtensibilityGlobals) = postSolution
		SolutionGuid = {5AC71DA7-CFEE-46A7-8D0B-3031F1BB8045}
	EndGlobalSection
EndGlobal
